
Microsoft Visual Studio Solution File, Format Version 12.00
# Visual Studio Version 17
VisualStudioVersion = 17.3.32929.385
MinimumVisualStudioVersion = 10.0.40219.1
Project("{FAE04EC0-301F-11D3-BF4B-00C04F79EFBC}") = "Jantuscara.Domain", "Jantuscara.Domain\Jantuscara.Domain.csproj", "{972A4BC9-5EFF-43E7-80F6-477A3D9EA048}"
EndProject
Project("{FAE04EC0-301F-11D3-BF4B-00C04F79EFBC}") = "Jantuscara.Repository", "Jantuscara.Repository\Jantuscara.Repository.csproj", "{4D4C5BDE-490D-47D1-9C56-68A527D2800D}"
EndProject
Project("{FAE04EC0-301F-11D3-BF4B-00C04F79EFBC}") = "Jantuscara.API", "Jantuscara.API\Jantuscara.API.csproj", "{29D247CE-1FD5-4A05-89C2-6C24DDF5B4C5}"
EndProject
Global
	GlobalSection(SolutionConfigurationPlatforms) = preSolution
		Debug|Any CPU = Debug|Any CPU
		Release|Any CPU = Release|Any CPU
	EndGlobalSection
	GlobalSection(ProjectConfigurationPlatforms) = postSolution
		{972A4BC9-5EFF-43E7-80F6-477A3D9EA048}.Debug|Any CPU.ActiveCfg = Debug|Any CPU
		{972A4BC9-5EFF-43E7-80F6-477A3D9EA048}.Debug|Any CPU.Build.0 = Debug|Any CPU
		{972A4BC9-5EFF-43E7-80F6-477A3D9EA048}.Release|Any CPU.ActiveCfg = Release|Any CPU
		{972A4BC9-5EFF-43E7-80F6-477A3D9EA048}.Release|Any CPU.Build.0 = Release|Any CPU
		{4D4C5BDE-490D-47D1-9C56-68A527D2800D}.Debug|Any CPU.ActiveCfg = Debug|Any CPU
		{4D4C5BDE-490D-47D1-9C56-68A527D2800D}.Debug|Any CPU.Build.0 = Debug|Any CPU
		{4D4C5BDE-490D-47D1-9C56-68A527D2800D}.Release|Any CPU.ActiveCfg = Release|Any CPU
		{4D4C5BDE-490D-47D1-9C56-68A527D2800D}.Release|Any CPU.Build.0 = Release|Any CPU
		{29D247CE-1FD5-4A05-89C2-6C24DDF5B4C5}.Debug|Any CPU.ActiveCfg = Debug|Any CPU
		{29D247CE-1FD5-4A05-89C2-6C24DDF5B4C5}.Debug|Any CPU.Build.0 = Debug|Any CPU
		{29D247CE-1FD5-4A05-89C2-6C24DDF5B4C5}.Release|Any CPU.ActiveCfg = Release|Any CPU
		{29D247CE-1FD5-4A05-89C2-6C24DDF5B4C5}.Release|Any CPU.Build.0 = Release|Any CPU
	EndGlobalSection
	GlobalSection(SolutionProperties) = preSolution
		HideSolutionNode = FALSE
	EndGlobalSection
	GlobalSection(ExtensibilityGlobals) = postSolution
		SolutionGuid = {C6233424-D270-4526-A683-1707CFEC3F93}
	EndGlobalSection
EndGlobal
